// !$*UTF8*$!
{
	archiveVersion = 1;
	classes = {
	};
	objectVersion = 46;
	objects = {

/* Begin PBXBuildFile section */
		89647D6E281C3CC0A7B77BFF /* Pods_AppSocial.framework in Frameworks */ = {isa = PBXBuildFile; fileRef = 90BB9DC60976003E1B27F6B0 /* Pods_AppSocial.framework */; };
		EBB1BAD81EEFB06F0084E0A2 /* AppDelegate.swift in Sources */ = {isa = PBXBuildFile; fileRef = EBB1BAD71EEFB06F0084E0A2 /* AppDelegate.swift */; };
		EBB1BADA1EEFB06F0084E0A2 /* SignInVC.swift in Sources */ = {isa = PBXBuildFile; fileRef = EBB1BAD91EEFB06F0084E0A2 /* SignInVC.swift */; };
		EBB1BADD1EEFB06F0084E0A2 /* Main.storyboard in Resources */ = {isa = PBXBuildFile; fileRef = EBB1BADB1EEFB06F0084E0A2 /* Main.storyboard */; };
		EBB1BADF1EEFB06F0084E0A2 /* Assets.xcassets in Resources */ = {isa = PBXBuildFile; fileRef = EBB1BADE1EEFB06F0084E0A2 /* Assets.xcassets */; };
		EBB1BAE21EEFB06F0084E0A2 /* LaunchScreen.storyboard in Resources */ = {isa = PBXBuildFile; fileRef = EBB1BAE01EEFB06F0084E0A2 /* LaunchScreen.storyboard */; };
		EBB1BAEA1EEFB0AC0084E0A2 /* GoogleService-Info.plist in Resources */ = {isa = PBXBuildFile; fileRef = EBB1BAE91EEFB0AC0084E0A2 /* GoogleService-Info.plist */; };
/* End PBXBuildFile section */

/* Begin PBXFileReference section */
		90BB9DC60976003E1B27F6B0 /* Pods_AppSocial.framework */ = {isa = PBXFileReference; explicitFileType = wrapper.framework; includeInIndex = 0; path = Pods_AppSocial.framework; sourceTree = BUILT_PRODUCTS_DIR; };
		A1AAA311CEE0F924EEAA4AFB /* Pods-AppSocial.release.xcconfig */ = {isa = PBXFileReference; includeInIndex = 1; lastKnownFileType = text.xcconfig; name = "Pods-AppSocial.release.xcconfig"; path = "Pods/Target Support Files/Pods-AppSocial/Pods-AppSocial.release.xcconfig"; sourceTree = "<group>"; };
		D461CCBC864A17CC7A1EF6EB /* Pods-AppSocial.debug.xcconfig */ = {isa = PBXFileReference; includeInIndex = 1; lastKnownFileType = text.xcconfig; name = "Pods-AppSocial.debug.xcconfig"; path = "Pods/Target Support Files/Pods-AppSocial/Pods-AppSocial.debug.xcconfig"; sourceTree = "<group>"; };
		EBB1BAD41EEFB06F0084E0A2 /* AppSocial.app */ = {isa = PBXFileReference; explicitFileType = wrapper.application; includeInIndex = 0; path = AppSocial.app; sourceTree = BUILT_PRODUCTS_DIR; };
		EBB1BAD71EEFB06F0084E0A2 /* AppDelegate.swift */ = {isa = PBXFileReference; lastKnownFileType = sourcecode.swift; path = AppDelegate.swift; sourceTree = "<group>"; };
		EBB1BAD91EEFB06F0084E0A2 /* SignInVC.swift */ = {isa = PBXFileReference; lastKnownFileType = sourcecode.swift; path = SignInVC.swift; sourceTree = "<group>"; };
		EBB1BADC1EEFB06F0084E0A2 /* Base */ = {isa = PBXFileReference; lastKnownFileType = file.storyboard; name = Base; path = Base.lproj/Main.storyboard; sourceTree = "<group>"; };
		EBB1BADE1EEFB06F0084E0A2 /* Assets.xcassets */ = {isa = PBXFileReference; lastKnownFileType = folder.assetcatalog; path = Assets.xcassets; sourceTree = "<group>"; };
		EBB1BAE11EEFB06F0084E0A2 /* Base */ = {isa = PBXFileReference; lastKnownFileType = file.storyboard; name = Base; path = Base.lproj/LaunchScreen.storyboard; sourceTree = "<group>"; };
		EBB1BAE31EEFB06F0084E0A2 /* Info.plist */ = {isa = PBXFileReference; lastKnownFileType = text.plist.xml; path = Info.plist; sourceTree = "<group>"; };
		EBB1BAE91EEFB0AC0084E0A2 /* GoogleService-Info.plist */ = {isa = PBXFileReference; fileEncoding = 4; lastKnownFileType = text.plist.xml; path = "GoogleService-Info.plist"; sourceTree = "<group>"; };
/* End PBXFileReference section */

/* Begin PBXFrameworksBuildPhase section */
		EBB1BAD11EEFB06F0084E0A2 /* Frameworks */ = {
			isa = PBXFrameworksBuildPhase;
			buildActionMask = 2147483647;
			files = (
				89647D6E281C3CC0A7B77BFF /* Pods_AppSocial.framework in Frameworks */,
			);
			runOnlyForDeploymentPostprocessing = 0;
		};
/* End PBXFrameworksBuildPhase section */

/* Begin PBXGroup section */
		0D6AB618FBF790ABC8A3B2E9 /* Pods */ = {
			isa = PBXGroup;
			children = (
				D461CCBC864A17CC7A1EF6EB /* Pods-AppSocial.debug.xcconfig */,
				A1AAA311CEE0F924EEAA4AFB /* Pods-AppSocial.release.xcconfig */,
			);
			name = Pods;
			sourceTree = "<group>";
		};
		EBB1BACB1EEFB06F0084E0A2 = {
			isa = PBXGroup;
			children = (
				EBB1BAD61EEFB06F0084E0A2 /* AppSocial */,
				EBB1BAD51EEFB06F0084E0A2 /* Products */,
				0D6AB618FBF790ABC8A3B2E9 /* Pods */,
				F1039494521F9FA4E9170C6C /* Frameworks */,
			);
			sourceTree = "<group>";
		};
		EBB1BAD51EEFB06F0084E0A2 /* Products */ = {
			isa = PBXGroup;
			children = (
				EBB1BAD41EEFB06F0084E0A2 /* AppSocial.app */,
			);
			name = Products;
			sourceTree = "<group>";
		};
		EBB1BAD61EEFB06F0084E0A2 /* AppSocial */ = {
			isa = PBXGroup;
			children = (
				EBB1BAED1EEFB5430084E0A2 /* Controller */,
				EBB1BAEC1EEFB53E0084E0A2 /* View */,
				EBB1BAEB1EEFB5340084E0A2 /* Model */,
				EBB1BAE91EEFB0AC0084E0A2 /* GoogleService-Info.plist */,
				EBB1BAD71EEFB06F0084E0A2 /* AppDelegate.swift */,
				EBB1BAD91EEFB06F0084E0A2 /* SignInVC.swift */,
				EBB1BADB1EEFB06F0084E0A2 /* Main.storyboard */,
				EBB1BADE1EEFB06F0084E0A2 /* Assets.xcassets */,
				EBB1BAE01EEFB06F0084E0A2 /* LaunchScreen.storyboard */,
				EBB1BAE31EEFB06F0084E0A2 /* Info.plist */,
			);
			path = AppSocial;
			sourceTree = "<group>";
		};
		EBB1BAEB1EEFB5340084E0A2 /* Model */ = {
			isa = PBXGroup;
			children = (
			);
			name = Model;
			sourceTree = "<group>";
		};
		EBB1BAEC1EEFB53E0084E0A2 /* View */ = {
			isa = PBXGroup;
			children = (
			);
			name = View;
			sourceTree = "<group>";
		};
		EBB1BAED1EEFB5430084E0A2 /* Controller */ = {
			isa = PBXGroup;
			children = (
			);
			name = Controller;
			sourceTree = "<group>";
		};
		F1039494521F9FA4E9170C6C /* Frameworks */ = {
			isa = PBXGroup;
			children = (
				90BB9DC60976003E1B27F6B0 /* Pods_AppSocial.framework */,
			);
			name = Frameworks;
			sourceTree = "<group>";
		};
/* End PBXGroup section */

/* Begin PBXNativeTarget section */
		EBB1BAD31EEFB06F0084E0A2 /* AppSocial */ = {
			isa = PBXNativeTarget;
			buildConfigurationList = EBB1BAE61EEFB06F0084E0A2 /* Build configuration list for PBXNativeTarget "AppSocial" */;
			buildPhases = (
				3B0A42A80135189EAADC4F81 /* [CP] Check Pods Manifest.lock */,
				EBB1BAD01EEFB06F0084E0A2 /* Sources */,
				EBB1BAD11EEFB06F0084E0A2 /* Frameworks */,
				EBB1BAD21EEFB06F0084E0A2 /* Resources */,
				A910D611495AC0820369F405 /* [CP] Embed Pods Frameworks */,
				7D598C01D898E05BEE8E0CE0 /* [CP] Copy Pods Resources */,
			);
			buildRules = (
			);
			dependencies = (
			);
			name = AppSocial;
			productName = AppSocial;
			productReference = EBB1BAD41EEFB06F0084E0A2 /* AppSocial.app */;
			productType = "com.apple.product-type.application";
		};
/* End PBXNativeTarget section */

/* Begin PBXProject section */
		EBB1BACC1EEFB06F0084E0A2 /* Project object */ = {
			isa = PBXProject;
			attributes = {
				LastSwiftUpdateCheck = 0830;
				LastUpgradeCheck = 0830;
				ORGANIZATIONNAME = "Juanito Soliman";
				TargetAttributes = {
					EBB1BAD31EEFB06F0084E0A2 = {
						CreatedOnToolsVersion = 8.3.2;
						DevelopmentTeam = ALJB37VTYM;
						ProvisioningStyle = Automatic;
					};
				};
			};
			buildConfigurationList = EBB1BACF1EEFB06F0084E0A2 /* Build configuration list for PBXProject "AppSocial" */;
			compatibilityVersion = "Xcode 3.2";
			developmentRegion = English;
			hasScannedForEncodings = 0;
			knownRegions = (
				en,
				Base,
			);
			mainGroup = EBB1BACB1EEFB06F0084E0A2;
			productRefGroup = EBB1BAD51EEFB06F0084E0A2 /* Products */;
			projectDirPath = "";
			projectRoot = "";
			targets = (
				EBB1BAD31EEFB06F0084E0A2 /* AppSocial */,
			);
		};
/* End PBXProject section */

/* Begin PBXResourcesBuildPhase section */
		EBB1BAD21EEFB06F0084E0A2 /* Resources */ = {
			isa = PBXResourcesBuildPhase;
			buildActionMask = 2147483647;
			files = (
				EBB1BAE21EEFB06F0084E0A2 /* LaunchScreen.storyboard in Resources */,
				EBB1BADF1EEFB06F0084E0A2 /* Assets.xcassets in Resources */,
				EBB1BADD1EEFB06F0084E0A2 /* Main.storyboard in Resources */,
				EBB1BAEA1EEFB0AC0084E0A2 /* GoogleService-Info.plist in Resources */,
			);
			runOnlyForDeploymentPostprocessing = 0;
		};
/* End PBXResourcesBuildPhase section */

/* Begin PBXShellScriptBuildPhase section */
		3B0A42A80135189EAADC4F81 /* [CP] Check Pods Manifest.lock */ = {
			isa = PBXShellScriptBuildPhase;
			buildActionMask = 2147483647;
			files = (
			);
			inputPaths = (
			);
			name = "[CP] Check Pods Manifest.lock";
			outputPaths = (
			);
			runOnlyForDeploymentPostprocessing = 0;
			shellPath = /bin/sh;
			shellScript = "diff \"${PODS_PODFILE_DIR_PATH}/Podfile.lock\" \"${PODS_ROOT}/Manifest.lock\" > /dev/null\nif [ $? != 0 ] ; then\n    # print error to STDERR\n    echo \"error: The sandbox is not in sync with the Podfile.lock. Run 'pod install' or update your CocoaPods installation.\" >&2\n    exit 1\nfi\n";
			showEnvVarsInLog = 0;
		};
		7D598C01D898E05BEE8E0CE0 /* [CP] Copy Pods Resources */ = {
			isa = PBXShellScriptBuildPhase;
			buildActionMask = 2147483647;
			files = (
			);
			inputPaths = (
			);
			name = "[CP] Copy Pods Resources";
			outputPaths = (
			);
			runOnlyForDeploymentPostprocessing = 0;
			shellPath = /bin/sh;
			shellScript = "\"${SRCROOT}/Pods/Target Support Files/Pods-AppSocial/Pods-AppSocial-resources.sh\"\n";
			showEnvVarsInLog = 0;
		};
		A910D611495AC0820369F405 /* [CP] Embed Pods Frameworks */ = {
			isa = PBXShellScriptBuildPhase;
			buildActionMask = 2147483647;
			files = (
			);
			inputPaths = (
			);
			name = "[CP] Embed Pods Frameworks";
			outputPaths = (
			);
			runOnlyForDeploymentPostprocessing = 0;
			shellPath = /bin/sh;
			shellScript = "\"${SRCROOT}/Pods/Target Support Files/Pods-AppSocial/Pods-AppSocial-frameworks.sh\"\n";
			showEnvVarsInLog = 0;
		};
/* End PBXShellScriptBuildPhase section */

/* Begin PBXSourcesBuildPhase section */
		EBB1BAD01EEFB06F0084E0A2 /* Sources */ = {
			isa = PBXSourcesBuildPhase;
			buildActionMask = 2147483647;
			files = (
				EBB1BADA1EEFB06F0084E0A2 /* SignInVC.swift in Sources */,
				EBB1BAD81EEFB06F0084E0A2 /* AppDelegate.swift in Sources */,
			);
			runOnlyForDeploymentPostprocessing = 0;
		};
/* End PBXSourcesBuildPhase section */

/* Begin PBXVariantGroup section */
		EBB1BADB1EEFB06F0084E0A2 /* Main.storyboard */ = {
			isa = PBXVariantGroup;
			children = (
				EBB1BADC1EEFB06F0084E0A2 /* Base */,
			);
			name = Main.storyboard;
			sourceTree = "<group>";
		};
		EBB1BAE01EEFB06F0084E0A2 /* LaunchScreen.storyboard */ = {
			isa = PBXVariantGroup;
			children = (
				EBB1BAE11EEFB06F0084E0A2 /* Base */,
			);
			name = LaunchScreen.storyboard;
			sourceTree = "<group>";
		};
/* End PBXVariantGroup section */

/* Begin XCBuildConfiguration section */
		EBB1BAE41EEFB06F0084E0A2 /* Debug */ = {
			isa = XCBuildConfiguration;
			buildSettings = {
				ALWAYS_SEARCH_USER_PATHS = NO;
				CLANG_ANALYZER_NONNULL = YES;
				CLANG_ANALYZER_NUMBER_OBJECT_CONVERSION = YES_AGGRESSIVE;
				CLANG_CXX_LANGUAGE_STANDARD = "gnu++0x";
				CLANG_CXX_LIBRARY = "libc++";
				CLANG_ENABLE_MODULES = YES;
				CLANG_ENABLE_OBJC_ARC = YES;
				CLANG_WARN_BOOL_CONVERSION = YES;
				CLANG_WARN_CONSTANT_CONVERSION = YES;
				CLANG_WARN_DIRECT_OBJC_ISA_USAGE = YES_ERROR;
				CLANG_WARN_DOCUMENTATION_COMMENTS = YES;
				CLANG_WARN_EMPTY_BODY = YES;
				CLANG_WARN_ENUM_CONVERSION = YES;
				CLANG_WARN_INFINITE_RECURSION = YES;
				CLANG_WARN_INT_CONVERSION = YES;
				CLANG_WARN_OBJC_ROOT_CLASS = YES_ERROR;
				CLANG_WARN_SUSPICIOUS_MOVE = YES;
				CLANG_WARN_UNREACHABLE_CODE = YES;
				CLANG_WARN__DUPLICATE_METHOD_MATCH = YES;
				"CODE_SIGN_IDENTITY[sdk=iphoneos*]" = "iPhone Developer";
				COPY_PHASE_STRIP = NO;
				DEBUG_INFORMATION_FORMAT = dwarf;
				ENABLE_STRICT_OBJC_MSGSEND = YES;
				ENABLE_TESTABILITY = YES;
				GCC_C_LANGUAGE_STANDARD = gnu99;
				GCC_DYNAMIC_NO_PIC = NO;
				GCC_NO_COMMON_BLOCKS = YES;
				GCC_OPTIMIZATION_LEVEL = 0;
				GCC_PREPROCESSOR_DEFINITIONS = (
					"DEBUG=1",
					"$(inherited)",
				);
				GCC_WARN_64_TO_32_BIT_CONVERSION = YES;
				GCC_WARN_ABOUT_RETURN_TYPE = YES_ERROR;
				GCC_WARN_UNDECLARED_SELECTOR = YES;
				GCC_WARN_UNINITIALIZED_AUTOS = YES_AGGRESSIVE;
				GCC_WARN_UNUSED_FUNCTION = YES;
				GCC_WARN_UNUSED_VARIABLE = YES;
				IPHONEOS_DEPLOYMENT_TARGET = 10.3;
				MTL_ENABLE_DEBUG_INFO = YES;
				ONLY_ACTIVE_ARCH = YES;
				SDKROOT = iphoneos;
				SWIFT_ACTIVE_COMPILATION_CONDITIONS = DEBUG;
				SWIFT_OPTIMIZATION_LEVEL = "-Onone";
				TARGETED_DEVICE_FAMILY = "1,2";
			};
			name = Debug;
		};
		EBB1BAE51EEFB06F0084E0A2 /* Release */ = {
			isa = XCBuildConfiguration;
			buildSettings = {
				ALWAYS_SEARCH_USER_PATHS = NO;
				CLANG_ANALYZER_NONNULL = YES;
				CLANG_ANALYZER_NUMBER_OBJECT_CONVERSION = YES_AGGRESSIVE;
				CLANG_CXX_LANGUAGE_STANDARD = "gnu++0x";
				CLANG_CXX_LIBRARY = "libc++";
				CLANG_ENABLE_MODULES = YES;
				CLANG_ENABLE_OBJC_ARC = YES;
				CLANG_WARN_BOOL_CONVERSION = YES;
				CLANG_WARN_CONSTANT_CONVERSION = YES;
				CLANG_WARN_DIRECT_OBJC_ISA_USAGE = YES_ERROR;
				CLANG_WARN_DOCUMENTATION_COMMENTS = YES;
				CLANG_WARN_EMPTY_BODY = YES;
				CLANG_WARN_ENUM_CONVERSION = YES;
				CLANG_WARN_INFINITE_RECURSION = YES;
				CLANG_WARN_INT_CONVERSION = YES;
				CLANG_WARN_OBJC_ROOT_CLASS = YES_ERROR;
				CLANG_WARN_SUSPICIOUS_MOVE = YES;
				CLANG_WARN_UNREACHABLE_CODE = YES;
				CLANG_WARN__DUPLICATE_METHOD_MATCH = YES;
				"CODE_SIGN_IDENTITY[sdk=iphoneos*]" = "iPhone Developer";
				COPY_PHASE_STRIP = NO;
				DEBUG_INFORMATION_FORMAT = "dwarf-with-dsym";
				ENABLE_NS_ASSERTIONS = NO;
				ENABLE_STRICT_OBJC_MSGSEND = YES;
				GCC_C_LANGUAGE_STANDARD = gnu99;
				GCC_NO_COMMON_BLOCKS = YES;
				GCC_WARN_64_TO_32_BIT_CONVERSION = YES;
				GCC_WARN_ABOUT_RETURN_TYPE = YES_ERROR;
				GCC_WARN_UNDECLARED_SELECTOR = YES;
				GCC_WARN_UNINITIALIZED_AUTOS = YES_AGGRESSIVE;
				GCC_WARN_UNUSED_FUNCTION = YES;
				GCC_WARN_UNUSED_VARIABLE = YES;
				IPHONEOS_DEPLOYMENT_TARGET = 10.3;
				MTL_ENABLE_DEBUG_INFO = NO;
				SDKROOT = iphoneos;
				SWIFT_OPTIMIZATION_LEVEL = "-Owholemodule";
				TARGETED_DEVICE_FAMILY = "1,2";
				VALIDATE_PRODUCT = YES;
			};
			name = Release;
		};
		EBB1BAE71EEFB06F0084E0A2 /* Debug */ = {
			isa = XCBuildConfiguration;
			baseConfigurationReference = D461CCBC864A17CC7A1EF6EB /* Pods-AppSocial.debug.xcconfig */;
			buildSettings = {
				ASSETCATALOG_COMPILER_APPICON_NAME = AppIcon;
				DEVELOPMENT_TEAM = ALJB37VTYM;
				INFOPLIST_FILE = AppSocial/Info.plist;
				LD_RUNPATH_SEARCH_PATHS = "$(inherited) @executable_path/Frameworks";
				PRODUCT_BUNDLE_IDENTIFIER = com.atlantis.AppSocial;
				PRODUCT_NAME = "$(TARGET_NAME)";
				SWIFT_VERSION = 3.0;
			};
			name = Debug;
		};
		EBB1BAE81EEFB06F0084E0A2 /* Release */ = {
			isa = XCBuildConfiguration;
			baseConfigurationReference = A1AAA311CEE0F924EEAA4AFB /* Pods-AppSocial.release.xcconfig */;
			buildSettings = {
				ASSETCATALOG_COMPILER_APPICON_NAME = AppIcon;
				DEVELOPMENT_TEAM = ALJB37VTYM;
				INFOPLIST_FILE = AppSocial/Info.plist;
				LD_RUNPATH_SEARCH_PATHS = "$(inherited) @executable_path/Frameworks";
				PRODUCT_BUNDLE_IDENTIFIER = com.atlantis.AppSocial;
				PRODUCT_NAME = "$(TARGET_NAME)";
				SWIFT_VERSION = 3.0;
			};
			name = Release;
		};
/* End XCBuildConfiguration section */

/* Begin XCConfigurationList section */
		EBB1BACF1EEFB06F0084E0A2 /* Build configuration list for PBXProject "AppSocial" */ = {
			isa = XCConfigurationList;
			buildConfigurations = (
				EBB1BAE41EEFB06F0084E0A2 /* Debug */,
				EBB1BAE51EEFB06F0084E0A2 /* Release */,
			);
			defaultConfigurationIsVisible = 0;
			defaultConfigurationName = Release;
		};
		EBB1BAE61EEFB06F0084E0A2 /* Build configuration list for PBXNativeTarget "AppSocial" */ = {
			isa = XCConfigurationList;
			buildConfigurations = (
				EBB1BAE71EEFB06F0084E0A2 /* Debug */,
				EBB1BAE81EEFB06F0084E0A2 /* Release */,
			);
			defaultConfigurationIsVisible = 0;
			defaultConfigurationName = Release;
		};
/* End XCConfigurationList section */
	};
	rootObject = EBB1BACC1EEFB06F0084E0A2 /* Project object */;
}
